
Microsoft Visual Studio Solution File, Format Version 12.00
# Visual Studio Version 16
VisualStudioVersion = 16.0.35325.158
MinimumVisualStudioVersion = 10.0.40219.1
Project("{FAE04EC0-301F-11D3-BF4B-00C04F79EFBC}") = "MoviesApp", "MoviesApp\MoviesApp.csproj", "{0084CC0F-F153-4BB1-B124-5F60095DEDC7}"
EndProject
Global
	GlobalSection(SolutionConfigurationPlatforms) = preSolution
		Debug|Any CPU = Debug|Any CPU
		Release|Any CPU = Release|Any CPU
	EndGlobalSection
	GlobalSection(ProjectConfigurationPlatforms) = postSolution
		{0084CC0F-F153-4BB1-B124-5F60095DEDC7}.Debug|Any CPU.ActiveCfg = Debug|Any CPU
		{0084CC0F-F153-4BB1-B124-5F60095DEDC7}.Debug|Any CPU.Build.0 = Debug|Any CPU
		{0084CC0F-F153-4BB1-B124-5F60095DEDC7}.Release|Any CPU.ActiveCfg = Release|Any CPU
		{0084CC0F-F153-4BB1-B124-5F60095DEDC7}.Release|Any CPU.Build.0 = Release|Any CPU
	EndGlobalSection
	GlobalSection(SolutionProperties) = preSolution
		HideSolutionNode = FALSE
	EndGlobalSection
	GlobalSection(ExtensibilityGlobals) = postSolution
		SolutionGuid = {808A6278-C3A8-4FAB-9DFE-0205FB593563}
	EndGlobalSection
EndGlobal
