
Microsoft Visual Studio Solution File, Format Version 12.00
# Visual Studio Version 16
VisualStudioVersion = 16.0.35325.158
MinimumVisualStudioVersion = 10.0.40219.1
Project("{FAE04EC0-301F-11D3-BF4B-00C04F79EFBC}") = "Assignment1", "Assignment1\Assignment1.csproj", "{EA7D4403-A730-4CA7-B77F-5966FC6BA518}"
EndProject
Global
	GlobalSection(SolutionConfigurationPlatforms) = preSolution
		Debug|Any CPU = Debug|Any CPU
		Release|Any CPU = Release|Any CPU
	EndGlobalSection
	GlobalSection(ProjectConfigurationPlatforms) = postSolution
		{EA7D4403-A730-4CA7-B77F-5966FC6BA518}.Debug|Any CPU.ActiveCfg = Debug|Any CPU
		{EA7D4403-A730-4CA7-B77F-5966FC6BA518}.Debug|Any CPU.Build.0 = Debug|Any CPU
		{EA7D4403-A730-4CA7-B77F-5966FC6BA518}.Release|Any CPU.ActiveCfg = Release|Any CPU
		{EA7D4403-A730-4CA7-B77F-5966FC6BA518}.Release|Any CPU.Build.0 = Release|Any CPU
	EndGlobalSection
	GlobalSection(SolutionProperties) = preSolution
		HideSolutionNode = FALSE
	EndGlobalSection
	GlobalSection(ExtensibilityGlobals) = postSolution
		SolutionGuid = {A010A395-6187-418E-8040-A1E244931328}
	EndGlobalSection
EndGlobal
