
Microsoft Visual Studio Solution File, Format Version 12.00
# Visual Studio Version 16
VisualStudioVersion = 16.0.35325.158
MinimumVisualStudioVersion = 10.0.40219.1
Project("{FAE04EC0-301F-11D3-BF4B-00C04F79EFBC}") = "Assignment5", "Assignment5\Assignment5.csproj", "{15798DC9-8ACF-40C7-A988-11098C47A48F}"
EndProject
Global
	GlobalSection(SolutionConfigurationPlatforms) = preSolution
		Debug|Any CPU = Debug|Any CPU
		Release|Any CPU = Release|Any CPU
	EndGlobalSection
	GlobalSection(ProjectConfigurationPlatforms) = postSolution
		{15798DC9-8ACF-40C7-A988-11098C47A48F}.Debug|Any CPU.ActiveCfg = Debug|Any CPU
		{15798DC9-8ACF-40C7-A988-11098C47A48F}.Debug|Any CPU.Build.0 = Debug|Any CPU
		{15798DC9-8ACF-40C7-A988-11098C47A48F}.Release|Any CPU.ActiveCfg = Release|Any CPU
		{15798DC9-8ACF-40C7-A988-11098C47A48F}.Release|Any CPU.Build.0 = Release|Any CPU
	EndGlobalSection
	GlobalSection(SolutionProperties) = preSolution
		HideSolutionNode = FALSE
	EndGlobalSection
	GlobalSection(ExtensibilityGlobals) = postSolution
		SolutionGuid = {D04C68B4-F307-4D6F-A08B-A02D8ED75420}
	EndGlobalSection
EndGlobal
